
Microsoft Visual Studio Solution File, Format Version 12.00
# Visual Studio 15
VisualStudioVersion = 15.0.27703.2026
MinimumVisualStudioVersion = 10.0.40219.1
Project("{9A19103F-16F7-4668-BE54-9A1E7A4F7556}") = "CSCBlogWebApi_2_0", "CSCBlogWebApi_2_0\CSCBlogWebApi_2_0.csproj", "{FA7AE97B-D1D1-41B4-830B-E6B6D471E265}"
EndProject
Project("{9A19103F-16F7-4668-BE54-9A1E7A4F7556}") = "CSCBlogWebApi_2_0.Domain", "CSCBlogWebApi_2_0.Domain\CSCBlogWebApi_2_0.Domain.csproj", "{C1258C57-49D0-4508-9932-796E612906D8}"
EndProject
Project("{9A19103F-16F7-4668-BE54-9A1E7A4F7556}") = "CSCBlogWebApi_2_0.Repository", "CSCBlogWebApi_2_0.Repository\CSCBlogWebApi_2_0.Repository.csproj", "{7864ADF1-4388-415E-8BEC-9D59B714005F}"
EndProject
Project("{9A19103F-16F7-4668-BE54-9A1E7A4F7556}") = "CSCBlogWebApi_2_0.Infrastructure", "CSCBlogWebApi_2_0.Infrastructure\CSCBlogWebApi_2_0.Infrastructure.csproj", "{7A612467-C318-405E-ABF3-13FB89931134}"
EndProject
Project("{9A19103F-16F7-4668-BE54-9A1E7A4F7556}") = "CSCBlogWebApi_2_0.Test", "CSCBlogWebApi_2_0.Test\CSCBlogWebApi_2_0.Test.csproj", "{E4839D19-EA6E-4D61-828A-1F3F031AFE10}"
EndProject
Project("{9A19103F-16F7-4668-BE54-9A1E7A4F7556}") = "CSCBlogWebApi_2_0.Enum", "CSCBlogWebApi_2_0.Enum\CSCBlogWebApi_2_0.Enum.csproj", "{5229BA4D-90E3-4085-B88E-6FDFA1FA95D4}"
EndProject
Project("{FAE04EC0-301F-11D3-BF4B-00C04F79EFBC}") = "CSCBlogWebApi_2_0.Business", "CSCBlogWebApi_2_0.Business\CSCBlogWebApi_2_0.Business.csproj", "{0FD947DF-9D83-4B84-8AB2-A9FD750D9D33}"
EndProject
Global
	GlobalSection(SolutionConfigurationPlatforms) = preSolution
		Debug|Any CPU = Debug|Any CPU
		Release|Any CPU = Release|Any CPU
	EndGlobalSection
	GlobalSection(ProjectConfigurationPlatforms) = postSolution
		{FA7AE97B-D1D1-41B4-830B-E6B6D471E265}.Debug|Any CPU.ActiveCfg = Debug|Any CPU
		{FA7AE97B-D1D1-41B4-830B-E6B6D471E265}.Debug|Any CPU.Build.0 = Debug|Any CPU
		{FA7AE97B-D1D1-41B4-830B-E6B6D471E265}.Release|Any CPU.ActiveCfg = Release|Any CPU
		{FA7AE97B-D1D1-41B4-830B-E6B6D471E265}.Release|Any CPU.Build.0 = Release|Any CPU
		{C1258C57-49D0-4508-9932-796E612906D8}.Debug|Any CPU.ActiveCfg = Debug|Any CPU
		{C1258C57-49D0-4508-9932-796E612906D8}.Debug|Any CPU.Build.0 = Debug|Any CPU
		{C1258C57-49D0-4508-9932-796E612906D8}.Release|Any CPU.ActiveCfg = Release|Any CPU
		{C1258C57-49D0-4508-9932-796E612906D8}.Release|Any CPU.Build.0 = Release|Any CPU
		{7864ADF1-4388-415E-8BEC-9D59B714005F}.Debug|Any CPU.ActiveCfg = Debug|Any CPU
		{7864ADF1-4388-415E-8BEC-9D59B714005F}.Debug|Any CPU.Build.0 = Debug|Any CPU
		{7864ADF1-4388-415E-8BEC-9D59B714005F}.Release|Any CPU.ActiveCfg = Release|Any CPU
		{7864ADF1-4388-415E-8BEC-9D59B714005F}.Release|Any CPU.Build.0 = Release|Any CPU
		{7A612467-C318-405E-ABF3-13FB89931134}.Debug|Any CPU.ActiveCfg = Debug|Any CPU
		{7A612467-C318-405E-ABF3-13FB89931134}.Debug|Any CPU.Build.0 = Debug|Any CPU
		{7A612467-C318-405E-ABF3-13FB89931134}.Release|Any CPU.ActiveCfg = Release|Any CPU
		{7A612467-C318-405E-ABF3-13FB89931134}.Release|Any CPU.Build.0 = Release|Any CPU
		{E4839D19-EA6E-4D61-828A-1F3F031AFE10}.Debug|Any CPU.ActiveCfg = Debug|Any CPU
		{E4839D19-EA6E-4D61-828A-1F3F031AFE10}.Debug|Any CPU.Build.0 = Debug|Any CPU
		{E4839D19-EA6E-4D61-828A-1F3F031AFE10}.Release|Any CPU.ActiveCfg = Release|Any CPU
		{E4839D19-EA6E-4D61-828A-1F3F031AFE10}.Release|Any CPU.Build.0 = Release|Any CPU
		{5229BA4D-90E3-4085-B88E-6FDFA1FA95D4}.Debug|Any CPU.ActiveCfg = Debug|Any CPU
		{5229BA4D-90E3-4085-B88E-6FDFA1FA95D4}.Debug|Any CPU.Build.0 = Debug|Any CPU
		{5229BA4D-90E3-4085-B88E-6FDFA1FA95D4}.Release|Any CPU.ActiveCfg = Release|Any CPU
		{5229BA4D-90E3-4085-B88E-6FDFA1FA95D4}.Release|Any CPU.Build.0 = Release|Any CPU
		{0FD947DF-9D83-4B84-8AB2-A9FD750D9D33}.Debug|Any CPU.ActiveCfg = Debug|Any CPU
		{0FD947DF-9D83-4B84-8AB2-A9FD750D9D33}.Debug|Any CPU.Build.0 = Debug|Any CPU
		{0FD947DF-9D83-4B84-8AB2-A9FD750D9D33}.Release|Any CPU.ActiveCfg = Release|Any CPU
		{0FD947DF-9D83-4B84-8AB2-A9FD750D9D33}.Release|Any CPU.Build.0 = Release|Any CPU
	EndGlobalSection
	GlobalSection(SolutionProperties) = preSolution
		HideSolutionNode = FALSE
	EndGlobalSection
	GlobalSection(ExtensibilityGlobals) = postSolution
		SolutionGuid = {9E019F94-38C9-455C-9804-8129196019B5}
	EndGlobalSection
EndGlobal
